
Microsoft Visual Studio Solution File, Format Version 12.00
# Visual Studio 15
VisualStudioVersion = 15.0.26730.16
MinimumVisualStudioVersion = 10.0.40219.1
Project("{FAE04EC0-301F-11D3-BF4B-00C04F79EFBC}") = "Banyan Batcher Switch", "Banyan Batcher Switch\Banyan Batcher Switch.csproj", "{0A28CA61-59FE-4008-A56A-8B4DBF196EFC}"
EndProject
Global
	GlobalSection(SolutionConfigurationPlatforms) = preSolution
		Debug|Any CPU = Debug|Any CPU
		Release|Any CPU = Release|Any CPU
	EndGlobalSection
	GlobalSection(ProjectConfigurationPlatforms) = postSolution
		{0A28CA61-59FE-4008-A56A-8B4DBF196EFC}.Debug|Any CPU.ActiveCfg = Debug|Any CPU
		{0A28CA61-59FE-4008-A56A-8B4DBF196EFC}.Debug|Any CPU.Build.0 = Debug|Any CPU
		{0A28CA61-59FE-4008-A56A-8B4DBF196EFC}.Release|Any CPU.ActiveCfg = Release|Any CPU
		{0A28CA61-59FE-4008-A56A-8B4DBF196EFC}.Release|Any CPU.Build.0 = Release|Any CPU
	EndGlobalSection
	GlobalSection(SolutionProperties) = preSolution
		HideSolutionNode = FALSE
	EndGlobalSection
	GlobalSection(ExtensibilityGlobals) = postSolution
		SolutionGuid = {D8496F54-50D3-455E-B860-6F4ABA4148C4}
	EndGlobalSection
EndGlobal
