
Microsoft Visual Studio Solution File, Format Version 12.00
# Visual Studio 15
VisualStudioVersion = 15.0.27130.2027
MinimumVisualStudioVersion = 10.0.40219.1
Project("{2150E333-8FDC-42A3-9474-1A3956D46DE8}") = "Solution Items", "Solution Items", "{E9850A19-CB27-4B88-A0F3-58C10C009E04}"
	ProjectSection(SolutionItems) = preProject
		index.html.html = index.html.html
		main.js = main.js
	EndProjectSection
EndProject
Global
	GlobalSection(SolutionProperties) = preSolution
		HideSolutionNode = FALSE
	EndGlobalSection
	GlobalSection(ExtensibilityGlobals) = postSolution
		SolutionGuid = {572DAD55-C975-4435-B6ED-2458341E7EAF}
	EndGlobalSection
EndGlobal
